
Microsoft Visual Studio Solution File, Format Version 12.00
# Visual Studio Version 17
VisualStudioVersion = 17.5.33414.496
MinimumVisualStudioVersion = 10.0.40219.1
Project("{2150E333-8FDC-42A3-9474-1A3956D46DE8}") = "src", "src", "{3C38CB4D-7B4C-4D12-96FB-43F92D31C9E3}"
EndProject
Project("{9A19103F-16F7-4668-BE54-9A1E7A4F7556}") = "Xerris.Service1.Tests", "src\Templates\Test\Xerris.Service1.Tests.csproj", "{4CFF6F63-EC95-4D56-8048-7018E5D3B83B}"
EndProject
Project("{2150E333-8FDC-42A3-9474-1A3956D46DE8}") = "Templates", "Templates", "{3AAD2B92-3439-4880-A8DA-CDC957E006DD}"
EndProject
Project("{9A19103F-16F7-4668-BE54-9A1E7A4F7556}") = "_build", "build\_build.csproj", "{6C09564E-62D3-4F94-BEC0-55E6A053FE78}"
EndProject
Project("{9A19103F-16F7-4668-BE54-9A1E7A4F7556}") = "Xerris.Templates", "src\Xerris.Templates.csproj", "{B87B2B0F-287F-4645-81CA-4B2D60D73B63}"
EndProject
Project("{2150E333-8FDC-42A3-9474-1A3956D46DE8}") = "WebApi", "WebApi", "{156EEA44-A65F-4A29-8182-B0BE1270985A}"
EndProject
Project("{9A19103F-16F7-4668-BE54-9A1E7A4F7556}") = "Xerris.WebApi1", "src\Templates\WebApi\App\Xerris.WebApi1.csproj", "{F28CF068-2277-4203-A3B5-4AA9D4E11352}"
EndProject
Project("{9A19103F-16F7-4668-BE54-9A1E7A4F7556}") = "Xerris.WebApi1.IntegrationTests", "src\Templates\WebApi\IntegrationTests\Xerris.WebApi1.IntegrationTests.csproj", "{DD24766F-CA4C-4FCA-BFEC-98C17B94AB66}"
EndProject
Global
	GlobalSection(SolutionConfigurationPlatforms) = preSolution
		Debug|Any CPU = Debug|Any CPU
		Release|Any CPU = Release|Any CPU
	EndGlobalSection
	GlobalSection(ProjectConfigurationPlatforms) = postSolution
		{4CFF6F63-EC95-4D56-8048-7018E5D3B83B}.Debug|Any CPU.ActiveCfg = Debug|Any CPU
		{4CFF6F63-EC95-4D56-8048-7018E5D3B83B}.Debug|Any CPU.Build.0 = Debug|Any CPU
		{4CFF6F63-EC95-4D56-8048-7018E5D3B83B}.Release|Any CPU.ActiveCfg = Release|Any CPU
		{4CFF6F63-EC95-4D56-8048-7018E5D3B83B}.Release|Any CPU.Build.0 = Release|Any CPU
		{6C09564E-62D3-4F94-BEC0-55E6A053FE78}.Debug|Any CPU.ActiveCfg = Debug|Any CPU
		{6C09564E-62D3-4F94-BEC0-55E6A053FE78}.Release|Any CPU.ActiveCfg = Release|Any CPU
		{B87B2B0F-287F-4645-81CA-4B2D60D73B63}.Debug|Any CPU.ActiveCfg = Debug|Any CPU
		{B87B2B0F-287F-4645-81CA-4B2D60D73B63}.Debug|Any CPU.Build.0 = Debug|Any CPU
		{B87B2B0F-287F-4645-81CA-4B2D60D73B63}.Release|Any CPU.ActiveCfg = Release|Any CPU
		{B87B2B0F-287F-4645-81CA-4B2D60D73B63}.Release|Any CPU.Build.0 = Release|Any CPU
		{F28CF068-2277-4203-A3B5-4AA9D4E11352}.Debug|Any CPU.ActiveCfg = Debug|Any CPU
		{F28CF068-2277-4203-A3B5-4AA9D4E11352}.Debug|Any CPU.Build.0 = Debug|Any CPU
		{F28CF068-2277-4203-A3B5-4AA9D4E11352}.Release|Any CPU.ActiveCfg = Release|Any CPU
		{F28CF068-2277-4203-A3B5-4AA9D4E11352}.Release|Any CPU.Build.0 = Release|Any CPU
		{DD24766F-CA4C-4FCA-BFEC-98C17B94AB66}.Debug|Any CPU.ActiveCfg = Debug|Any CPU
		{DD24766F-CA4C-4FCA-BFEC-98C17B94AB66}.Debug|Any CPU.Build.0 = Debug|Any CPU
		{DD24766F-CA4C-4FCA-BFEC-98C17B94AB66}.Release|Any CPU.ActiveCfg = Release|Any CPU
		{DD24766F-CA4C-4FCA-BFEC-98C17B94AB66}.Release|Any CPU.Build.0 = Release|Any CPU
	EndGlobalSection
	GlobalSection(SolutionProperties) = preSolution
		HideSolutionNode = FALSE
	EndGlobalSection
	GlobalSection(NestedProjects) = preSolution
		{4CFF6F63-EC95-4D56-8048-7018E5D3B83B} = {3AAD2B92-3439-4880-A8DA-CDC957E006DD}
		{3AAD2B92-3439-4880-A8DA-CDC957E006DD} = {3C38CB4D-7B4C-4D12-96FB-43F92D31C9E3}
		{B87B2B0F-287F-4645-81CA-4B2D60D73B63} = {3C38CB4D-7B4C-4D12-96FB-43F92D31C9E3}
		{156EEA44-A65F-4A29-8182-B0BE1270985A} = {3AAD2B92-3439-4880-A8DA-CDC957E006DD}
		{F28CF068-2277-4203-A3B5-4AA9D4E11352} = {156EEA44-A65F-4A29-8182-B0BE1270985A}
		{DD24766F-CA4C-4FCA-BFEC-98C17B94AB66} = {156EEA44-A65F-4A29-8182-B0BE1270985A}
	EndGlobalSection
	GlobalSection(ExtensibilityGlobals) = postSolution
		SolutionGuid = {A5EEDC75-A228-43ED-87D8-E8FB06848027}
	EndGlobalSection
EndGlobal
