
Microsoft Visual Studio Solution File, Format Version 12.00
# Visual Studio Version 17
VisualStudioVersion = 17.5.33414.496
MinimumVisualStudioVersion = 10.0.40219.1
Project("{2150E333-8FDC-42A3-9474-1A3956D46DE8}") = "src", "src", "{3C38CB4D-7B4C-4D12-96FB-43F92D31C9E3}"
EndProject
Project("{9A19103F-16F7-4668-BE54-9A1E7A4F7556}") = "Xerris.Service1.Tests", "src\Templates\Test\Xerris.Service1.Tests.csproj", "{4CFF6F63-EC95-4D56-8048-7018E5D3B83B}"
EndProject
Project("{9A19103F-16F7-4668-BE54-9A1E7A4F7556}") = "Xerris.WebApi1", "src\Templates\WebApi\Xerris.WebApi1.csproj", "{C1E14E00-EDFD-417B-AF38-C36E86955536}"
EndProject
Project("{9A19103F-16F7-4668-BE54-9A1E7A4F7556}") = "Xerris.Templates", "src\Templates\Xerris.Templates.csproj", "{9F6044CC-4F2B-43A6-A3A8-1D036BD26710}"
EndProject
Project("{2150E333-8FDC-42A3-9474-1A3956D46DE8}") = "templates", "templates", "{3AAD2B92-3439-4880-A8DA-CDC957E006DD}"
EndProject
Global
	GlobalSection(SolutionConfigurationPlatforms) = preSolution
		Debug|Any CPU = Debug|Any CPU
		Release|Any CPU = Release|Any CPU
	EndGlobalSection
	GlobalSection(ProjectConfigurationPlatforms) = postSolution
		{4CFF6F63-EC95-4D56-8048-7018E5D3B83B}.Debug|Any CPU.ActiveCfg = Debug|Any CPU
		{4CFF6F63-EC95-4D56-8048-7018E5D3B83B}.Debug|Any CPU.Build.0 = Debug|Any CPU
		{4CFF6F63-EC95-4D56-8048-7018E5D3B83B}.Release|Any CPU.ActiveCfg = Release|Any CPU
		{4CFF6F63-EC95-4D56-8048-7018E5D3B83B}.Release|Any CPU.Build.0 = Release|Any CPU
		{C1E14E00-EDFD-417B-AF38-C36E86955536}.Debug|Any CPU.ActiveCfg = Debug|Any CPU
		{C1E14E00-EDFD-417B-AF38-C36E86955536}.Debug|Any CPU.Build.0 = Debug|Any CPU
		{C1E14E00-EDFD-417B-AF38-C36E86955536}.Release|Any CPU.ActiveCfg = Release|Any CPU
		{C1E14E00-EDFD-417B-AF38-C36E86955536}.Release|Any CPU.Build.0 = Release|Any CPU
		{9F6044CC-4F2B-43A6-A3A8-1D036BD26710}.Debug|Any CPU.ActiveCfg = Debug|Any CPU
		{9F6044CC-4F2B-43A6-A3A8-1D036BD26710}.Debug|Any CPU.Build.0 = Debug|Any CPU
		{9F6044CC-4F2B-43A6-A3A8-1D036BD26710}.Release|Any CPU.ActiveCfg = Release|Any CPU
		{9F6044CC-4F2B-43A6-A3A8-1D036BD26710}.Release|Any CPU.Build.0 = Release|Any CPU
	EndGlobalSection
	GlobalSection(SolutionProperties) = preSolution
		HideSolutionNode = FALSE
	EndGlobalSection
	GlobalSection(NestedProjects) = preSolution
		{4CFF6F63-EC95-4D56-8048-7018E5D3B83B} = {3AAD2B92-3439-4880-A8DA-CDC957E006DD}
		{C1E14E00-EDFD-417B-AF38-C36E86955536} = {3AAD2B92-3439-4880-A8DA-CDC957E006DD}
		{9F6044CC-4F2B-43A6-A3A8-1D036BD26710} = {3C38CB4D-7B4C-4D12-96FB-43F92D31C9E3}
		{3AAD2B92-3439-4880-A8DA-CDC957E006DD} = {3C38CB4D-7B4C-4D12-96FB-43F92D31C9E3}
	EndGlobalSection
	GlobalSection(ExtensibilityGlobals) = postSolution
		SolutionGuid = {A5EEDC75-A228-43ED-87D8-E8FB06848027}
	EndGlobalSection
EndGlobal
